// !$*UTF8*$!
{
	archiveVersion = 1;
	classes = {
	};
	objectVersion = 77;
	objects = {

/* Begin PBXBuildFile section */
		B0CECB932FF6A56D00F803EB /* EudiEtsi1196x2 in Frameworks */ = {isa = PBXBuildFile; productRef = B0CECB922FF6A56D00F803EB /* EudiEtsi1196x2 */; };
/* End PBXBuildFile section */

/* Begin PBXContainerItemProxy section */
		76A71E972FBE041B00EAF74A /* PBXContainerItemProxy */ = {
			isa = PBXContainerItemProxy;
			containerPortal = 76A71E812FBE041700EAF74A /* Project object */;
			proxyType = 1;
			remoteGlobalIDString = 76A71E882FBE041700EAF74A;
			remoteInfo = "Etsi-1196x2App";
		};
		76A71EA12FBE041B00EAF74A /* PBXContainerItemProxy */ = {
			isa = PBXContainerItemProxy;
			containerPortal = 76A71E812FBE041700EAF74A /* Project object */;
			proxyType = 1;
			remoteGlobalIDString = 76A71E882FBE041700EAF74A;
			remoteInfo = "Etsi-1196x2App";
		};
/* End PBXContainerItemProxy section */

/* Begin PBXFileReference section */
		76A71E892FBE041700EAF74A /* Etsi-1196x2App.app */ = {isa = PBXFileReference; explicitFileType = wrapper.application; includeInIndex = 0; path = "Etsi-1196x2App.app"; sourceTree = BUILT_PRODUCTS_DIR; };
		76A71E962FBE041B00EAF74A /* Etsi-1196x2AppTests.xctest */ = {isa = PBXFileReference; explicitFileType = wrapper.cfbundle; includeInIndex = 0; path = "Etsi-1196x2AppTests.xctest"; sourceTree = BUILT_PRODUCTS_DIR; };
		76A71EA02FBE041B00EAF74A /* Etsi-1196x2AppUITests.xctest */ = {isa = PBXFileReference; explicitFileType = wrapper.cfbundle; includeInIndex = 0; path = "Etsi-1196x2AppUITests.xctest"; sourceTree = BUILT_PRODUCTS_DIR; };
/* End PBXFileReference section */

/* Begin PBXFileSystemSynchronizedRootGroup section */
		76A71E8B2FBE041700EAF74A /* Etsi-1196x2App */ = {
			isa = PBXFileSystemSynchronizedRootGroup;
			path = "Etsi-1196x2App";
			sourceTree = "<group>";
		};
		76A71E992FBE041B00EAF74A /* Etsi-1196x2AppTests */ = {
			isa = PBXFileSystemSynchronizedRootGroup;
			path = "Etsi-1196x2AppTests";
			sourceTree = "<group>";
		};
		76A71EA32FBE041B00EAF74A /* Etsi-1196x2AppUITests */ = {
			isa = PBXFileSystemSynchronizedRootGroup;
			path = "Etsi-1196x2AppUITests";
			sourceTree = "<group>";
		};
/* End PBXFileSystemSynchronizedRootGroup section */

/* Begin PBXFrameworksBuildPhase section */
		76A71E862FBE041700EAF74A /* Frameworks */ = {
			isa = PBXFrameworksBuildPhase;
			buildActionMask = 2147483647;
			files = (
				B0CECB932FF6A56D00F803EB /* EudiEtsi1196x2 in Frameworks */,
			);
			runOnlyForDeploymentPostprocessing = 0;
		};
		76A71E932FBE041B00EAF74A /* Frameworks */ = {
			isa = PBXFrameworksBuildPhase;
			buildActionMask = 2147483647;
			files = (
			);
			runOnlyForDeploymentPostprocessing = 0;
		};
		76A71E9D2FBE041B00EAF74A /* Frameworks */ = {
			isa = PBXFrameworksBuildPhase;
			buildActionMask = 2147483647;
			files = (
			);
			runOnlyForDeploymentPostprocessing = 0;
		};
/* End PBXFrameworksBuildPhase section */

/* Begin PBXGroup section */
		76A71E802FBE041700EAF74A = {
			isa = PBXGroup;
			children = (
				76A71E8B2FBE041700EAF74A /* Etsi-1196x2App */,
				76A71E992FBE041B00EAF74A /* Etsi-1196x2AppTests */,
				76A71EA32FBE041B00EAF74A /* Etsi-1196x2AppUITests */,
				76A71EB62FBE0F7900EAF74A /* Frameworks */,
				76A71E8A2FBE041700EAF74A /* Products */,
			);
			sourceTree = "<group>";
		};
		76A71E8A2FBE041700EAF74A /* Products */ = {
			isa = PBXGroup;
			children = (
				76A71E892FBE041700EAF74A /* Etsi-1196x2App.app */,
				76A71E962FBE041B00EAF74A /* Etsi-1196x2AppTests.xctest */,
				76A71EA02FBE041B00EAF74A /* Etsi-1196x2AppUITests.xctest */,
			);
			name = Products;
			sourceTree = "<group>";
		};
		76A71EB62FBE0F7900EAF74A /* Frameworks */ = {
			isa = PBXGroup;
			children = (
			);
			name = Frameworks;
			sourceTree = "<group>";
		};
/* End PBXGroup section */

/* Begin PBXNativeTarget section */
		76A71E882FBE041700EAF74A /* Etsi-1196x2App */ = {
			isa = PBXNativeTarget;
			buildConfigurationList = 76A71EAA2FBE041B00EAF74A /* Build configuration list for PBXNativeTarget "Etsi-1196x2App" */;
			buildPhases = (
				76A71E852FBE041700EAF74A /* Sources */,
				76A71E862FBE041700EAF74A /* Frameworks */,
				76A71E872FBE041700EAF74A /* Resources */,
			);
			buildRules = (
			);
			dependencies = (
			);
			fileSystemSynchronizedGroups = (
				76A71E8B2FBE041700EAF74A /* Etsi-1196x2App */,
			);
			name = "Etsi-1196x2App";
			packageProductDependencies = (
				B0CECB922FF6A56D00F803EB /* EudiEtsi1196x2 */,
			);
			productName = "Etsi-1196x2App";
			productReference = 76A71E892FBE041700EAF74A /* Etsi-1196x2App.app */;
			productType = "com.apple.product-type.application";
		};
		76A71E952FBE041B00EAF74A /* Etsi-1196x2AppTests */ = {
			isa = PBXNativeTarget;
			buildConfigurationList = 76A71EAD2FBE041B00EAF74A /* Build configuration list for PBXNativeTarget "Etsi-1196x2AppTests" */;
			buildPhases = (
				76A71E922FBE041B00EAF74A /* Sources */,
				76A71E932FBE041B00EAF74A /* Frameworks */,
				76A71E942FBE041B00EAF74A /* Resources */,
			);
			buildRules = (
			);
			dependencies = (
				76A71E982FBE041B00EAF74A /* PBXTargetDependency */,
			);
			fileSystemSynchronizedGroups = (
				76A71E992FBE041B00EAF74A /* Etsi-1196x2AppTests */,
			);
			name = "Etsi-1196x2AppTests";
			packageProductDependencies = (
			);
			productName = "Etsi-1196x2AppTests";
			productReference = 76A71E962FBE041B00EAF74A /* Etsi-1196x2AppTests.xctest */;
			productType = "com.apple.product-type.bundle.unit-test";
		};
		76A71E9F2FBE041B00EAF74A /* Etsi-1196x2AppUITests */ = {
			isa = PBXNativeTarget;
			buildConfigurationList = 76A71EB02FBE041B00EAF74A /* Build configuration list for PBXNativeTarget "Etsi-1196x2AppUITests" */;
			buildPhases = (
				76A71E9C2FBE041B00EAF74A /* Sources */,
				76A71E9D2FBE041B00EAF74A /* Frameworks */,
				76A71E9E2FBE041B00EAF74A /* Resources */,
			);
			buildRules = (
			);
			dependencies = (
				76A71EA22FBE041B00EAF74A /* PBXTargetDependency */,
			);
			fileSystemSynchronizedGroups = (
				76A71EA32FBE041B00EAF74A /* Etsi-1196x2AppUITests */,
			);
			name = "Etsi-1196x2AppUITests";
			packageProductDependencies = (
			);
			productName = "Etsi-1196x2AppUITests";
			productReference = 76A71EA02FBE041B00EAF74A /* Etsi-1196x2AppUITests.xctest */;
			productType = "com.apple.product-type.bundle.ui-testing";
		};
/* End PBXNativeTarget section */

/* Begin PBXProject section */
		76A71E812FBE041700EAF74A /* Project object */ = {
			isa = PBXProject;
			attributes = {
				BuildIndependentTargetsInParallel = 1;
				LastSwiftUpdateCheck = 2630;
				LastUpgradeCheck = 2630;
				TargetAttributes = {
					76A71E882FBE041700EAF74A = {
						CreatedOnToolsVersion = 26.3;
					};
					76A71E952FBE041B00EAF74A = {
						CreatedOnToolsVersion = 26.3;
						TestTargetID = 76A71E882FBE041700EAF74A;
					};
					76A71E9F2FBE041B00EAF74A = {
						CreatedOnToolsVersion = 26.3;
						TestTargetID = 76A71E882FBE041700EAF74A;
					};
				};
			};
			buildConfigurationList = 76A71E842FBE041700EAF74A /* Build configuration list for PBXProject "Etsi-1196x2App" */;
			developmentRegion = en;
			hasScannedForEncodings = 0;
			knownRegions = (
				en,
				Base,
			);
			mainGroup = 76A71E802FBE041700EAF74A;
			minimizedProjectReferenceProxies = 1;
			packageReferences = (
				B0CECB912FF6A56D00F803EB /* XCRemoteSwiftPackageReference "eudi-lib-kmp-etsi-1196x2" */,
			);
			preferredProjectObjectVersion = 77;
			productRefGroup = 76A71E8A2FBE041700EAF74A /* Products */;
			projectDirPath = "";
			projectRoot = "";
			targets = (
				76A71E882FBE041700EAF74A /* Etsi-1196x2App */,
				76A71E952FBE041B00EAF74A /* Etsi-1196x2AppTests */,
				76A71E9F2FBE041B00EAF74A /* Etsi-1196x2AppUITests */,
			);
		};
/* End PBXProject section */

/* Begin PBXResourcesBuildPhase section */
		76A71E872FBE041700EAF74A /* Resources */ = {
			isa = PBXResourcesBuildPhase;
			buildActionMask = 2147483647;
			files = (
			);
			runOnlyForDeploymentPostprocessing = 0;
		};
		76A71E942FBE041B00EAF74A /* Resources */ = {
			isa = PBXResourcesBuildPhase;
			buildActionMask = 2147483647;
			files = (
			);
			runOnlyForDeploymentPostprocessing = 0;
		};
		76A71E9E2FBE041B00EAF74A /* Resources */ = {
			isa = PBXResourcesBuildPhase;
			buildActionMask = 2147483647;
			files = (
			);
			runOnlyForDeploymentPostprocessing = 0;
		};
/* End PBXResourcesBuildPhase section */

/* Begin PBXSourcesBuildPhase section */
		76A71E852FBE041700EAF74A /* Sources */ = {
			isa = PBXSourcesBuildPhase;
			buildActionMask = 2147483647;
			files = (
			);
			runOnlyForDeploymentPostprocessing = 0;
		};
		76A71E922FBE041B00EAF74A /* Sources */ = {
			isa = PBXSourcesBuildPhase;
			buildActionMask = 2147483647;
			files = (
			);
			runOnlyForDeploymentPostprocessing = 0;
		};
		76A71E9C2FBE041B00EAF74A /* Sources */ = {
			isa = PBXSourcesBuildPhase;
			buildActionMask = 2147483647;
			files = (
			);
			runOnlyForDeploymentPostprocessing = 0;
		};
/* End PBXSourcesBuildPhase section */

/* Begin PBXTargetDependency section */
		76A71E982FBE041B00EAF74A /* PBXTargetDependency */ = {
			isa = PBXTargetDependency;
			target = 76A71E882FBE041700EAF74A /* Etsi-1196x2App */;
			targetProxy = 76A71E972FBE041B00EAF74A /* PBXContainerItemProxy */;
		};
		76A71EA22FBE041B00EAF74A /* PBXTargetDependency */ = {
			isa = PBXTargetDependency;
			target = 76A71E882FBE041700EAF74A /* Etsi-1196x2App */;
			targetProxy = 76A71EA12FBE041B00EAF74A /* PBXContainerItemProxy */;
		};
/* End PBXTargetDependency section */

/* Begin XCBuildConfiguration section */
		76A71EA82FBE041B00EAF74A /* Debug */ = {
			isa = XCBuildConfiguration;
			buildSettings = {
				ALWAYS_SEARCH_USER_PATHS = NO;
				ASSETCATALOG_COMPILER_GENERATE_SWIFT_ASSET_SYMBOL_EXTENSIONS = YES;
				CLANG_ANALYZER_NONNULL = YES;
				CLANG_ANALYZER_NUMBER_OBJECT_CONVERSION = YES_AGGRESSIVE;
				CLANG_CXX_LANGUAGE_STANDARD = "gnu++20";
				CLANG_ENABLE_MODULES = YES;
				CLANG_ENABLE_OBJC_ARC = YES;
				CLANG_ENABLE_OBJC_WEAK = YES;
				CLANG_WARN_BLOCK_CAPTURE_AUTORELEASING = YES;
				CLANG_WARN_BOOL_CONVERSION = YES;
				CLANG_WARN_COMMA = YES;
				CLANG_WARN_CONSTANT_CONVERSION = YES;
				CLANG_WARN_DEPRECATED_OBJC_IMPLEMENTATIONS = YES;
				CLANG_WARN_DIRECT_OBJC_ISA_USAGE = YES_ERROR;
				CLANG_WARN_DOCUMENTATION_COMMENTS = YES;
				CLANG_WARN_EMPTY_BODY = YES;
				CLANG_WARN_ENUM_CONVERSION = YES;
				CLANG_WARN_INFINITE_RECURSION = YES;
				CLANG_WARN_INT_CONVERSION = YES;
				CLANG_WARN_NON_LITERAL_NULL_CONVERSION = YES;
				CLANG_WARN_OBJC_IMPLICIT_RETAIN_SELF = YES;
				CLANG_WARN_OBJC_LITERAL_CONVERSION = YES;
				CLANG_WARN_OBJC_ROOT_CLASS = YES_ERROR;
				CLANG_WARN_QUOTED_INCLUDE_IN_FRAMEWORK_HEADER = YES;
				CLANG_WARN_RANGE_LOOP_ANALYSIS = YES;
				CLANG_WARN_STRICT_PROTOTYPES = YES;
				CLANG_WARN_SUSPICIOUS_MOVE = YES;
				CLANG_WARN_UNGUARDED_AVAILABILITY = YES_AGGRESSIVE;
				CLANG_WARN_UNREACHABLE_CODE = YES;
				CLANG_WARN__DUPLICATE_METHOD_MATCH = YES;
				COPY_PHASE_STRIP = NO;
				DEBUG_INFORMATION_FORMAT = dwarf;
				DEVELOPMENT_TEAM = AZXQE7588Y;
				ENABLE_STRICT_OBJC_MSGSEND = YES;
				ENABLE_TESTABILITY = YES;
				ENABLE_USER_SCRIPT_SANDBOXING = YES;
				GCC_C_LANGUAGE_STANDARD = gnu17;
				GCC_DYNAMIC_NO_PIC = NO;
				GCC_NO_COMMON_BLOCKS = YES;
				GCC_OPTIMIZATION_LEVEL = 0;
				GCC_PREPROCESSOR_DEFINITIONS = (
					"DEBUG=1",
					"$(inherited)",
				);
				GCC_WARN_64_TO_32_BIT_CONVERSION = YES;
				GCC_WARN_ABOUT_RETURN_TYPE = YES_ERROR;
				GCC_WARN_UNDECLARED_SELECTOR = YES;
				GCC_WARN_UNINITIALIZED_AUTOS = YES_AGGRESSIVE;
				GCC_WARN_UNUSED_FUNCTION = YES;
				GCC_WARN_UNUSED_VARIABLE = YES;
				IPHONEOS_DEPLOYMENT_TARGET = 26.2;
				LOCALIZATION_PREFERS_STRING_CATALOGS = YES;
				MTL_ENABLE_DEBUG_INFO = INCLUDE_SOURCE;
				MTL_FAST_MATH = YES;
				ONLY_ACTIVE_ARCH = YES;
				SDKROOT = iphoneos;
				SWIFT_ACTIVE_COMPILATION_CONDITIONS = "DEBUG $(inherited)";
				SWIFT_OPTIMIZATION_LEVEL = "-Onone";
			};
			name = Debug;
		};
		76A71EA92FBE041B00EAF74A /* Release */ = {
			isa = XCBuildConfiguration;
			buildSettings = {
				ALWAYS_SEARCH_USER_PATHS = NO;
				ASSETCATALOG_COMPILER_GENERATE_SWIFT_ASSET_SYMBOL_EXTENSIONS = YES;
				CLANG_ANALYZER_NONNULL = YES;
				CLANG_ANALYZER_NUMBER_OBJECT_CONVERSION = YES_AGGRESSIVE;
				CLANG_CXX_LANGUAGE_STANDARD = "gnu++20";
				CLANG_ENABLE_MODULES = YES;
				CLANG_ENABLE_OBJC_ARC = YES;
				CLANG_ENABLE_OBJC_WEAK = YES;
				CLANG_WARN_BLOCK_CAPTURE_AUTORELEASING = YES;
				CLANG_WARN_BOOL_CONVERSION = YES;
				CLANG_WARN_COMMA = YES;
				CLANG_WARN_CONSTANT_CONVERSION = YES;
				CLANG_WARN_DEPRECATED_OBJC_IMPLEMENTATIONS = YES;
				CLANG_WARN_DIRECT_OBJC_ISA_USAGE = YES_ERROR;
				CLANG_WARN_DOCUMENTATION_COMMENTS = YES;
				CLANG_WARN_EMPTY_BODY = YES;
				CLANG_WARN_ENUM_CONVERSION = YES;
				CLANG_WARN_INFINITE_RECURSION = YES;
				CLANG_WARN_INT_CONVERSION = YES;
				CLANG_WARN_NON_LITERAL_NULL_CONVERSION = YES;
				CLANG_WARN_OBJC_IMPLICIT_RETAIN_SELF = YES;
				CLANG_WARN_OBJC_LITERAL_CONVERSION = YES;
				CLANG_WARN_OBJC_ROOT_CLASS = YES_ERROR;
				CLANG_WARN_QUOTED_INCLUDE_IN_FRAMEWORK_HEADER = YES;
				CLANG_WARN_RANGE_LOOP_ANALYSIS = YES;
				CLANG_WARN_STRICT_PROTOTYPES = YES;
				CLANG_WARN_SUSPICIOUS_MOVE = YES;
				CLANG_WARN_UNGUARDED_AVAILABILITY = YES_AGGRESSIVE;
				CLANG_WARN_UNREACHABLE_CODE = YES;
				CLANG_WARN__DUPLICATE_METHOD_MATCH = YES;
				COPY_PHASE_STRIP = NO;
				DEBUG_INFORMATION_FORMAT = "dwarf-with-dsym";
				DEVELOPMENT_TEAM = AZXQE7588Y;
				ENABLE_NS_ASSERTIONS = NO;
				ENABLE_STRICT_OBJC_MSGSEND = YES;
				ENABLE_USER_SCRIPT_SANDBOXING = YES;
				GCC_C_LANGUAGE_STANDARD = gnu17;
				GCC_NO_COMMON_BLOCKS = YES;
				GCC_WARN_64_TO_32_BIT_CONVERSION = YES;
				GCC_WARN_ABOUT_RETURN_TYPE = YES_ERROR;
				GCC_WARN_UNDECLARED_SELECTOR = YES;
				GCC_WARN_UNINITIALIZED_AUTOS = YES_AGGRESSIVE;
				GCC_WARN_UNUSED_FUNCTION = YES;
				GCC_WARN_UNUSED_VARIABLE = YES;
				IPHONEOS_DEPLOYMENT_TARGET = 26.2;
				LOCALIZATION_PREFERS_STRING_CATALOGS = YES;
				MTL_ENABLE_DEBUG_INFO = NO;
				MTL_FAST_MATH = YES;
				SDKROOT = iphoneos;
				SWIFT_COMPILATION_MODE = wholemodule;
				VALIDATE_PRODUCT = YES;
			};
			name = Release;
		};
		76A71EAB2FBE041B00EAF74A /* Debug */ = {
			isa = XCBuildConfiguration;
			buildSettings = {
				ASSETCATALOG_COMPILER_APPICON_NAME = AppIcon;
				ASSETCATALOG_COMPILER_GLOBAL_ACCENT_COLOR_NAME = AccentColor;
				CODE_SIGN_STYLE = Automatic;
				CURRENT_PROJECT_VERSION = 1;
				DEVELOPMENT_TEAM = QS5HDV4ZS9;
				ENABLE_PREVIEWS = YES;
				GENERATE_INFOPLIST_FILE = YES;
				INFOPLIST_KEY_UIApplicationSceneManifest_Generation = YES;
				INFOPLIST_KEY_UIApplicationSupportsIndirectInputEvents = YES;
				INFOPLIST_KEY_UILaunchScreen_Generation = YES;
				INFOPLIST_KEY_UISupportedInterfaceOrientations_iPad = "UIInterfaceOrientationPortrait UIInterfaceOrientationPortraitUpsideDown UIInterfaceOrientationLandscapeLeft UIInterfaceOrientationLandscapeRight";
				INFOPLIST_KEY_UISupportedInterfaceOrientations_iPhone = "UIInterfaceOrientationPortrait UIInterfaceOrientationLandscapeLeft UIInterfaceOrientationLandscapeRight";
				LD_RUNPATH_SEARCH_PATHS = (
					"$(inherited)",
					"@executable_path/Frameworks",
				);
				MARKETING_VERSION = 1.0;
				PRODUCT_BUNDLE_IDENTIFIER = "com.scytales.Etsi-1196x2App";
				PRODUCT_NAME = "$(TARGET_NAME)";
				STRING_CATALOG_GENERATE_SYMBOLS = YES;
				SWIFT_APPROACHABLE_CONCURRENCY = YES;
				SWIFT_DEFAULT_ACTOR_ISOLATION = MainActor;
				SWIFT_EMIT_LOC_STRINGS = YES;
				SWIFT_UPCOMING_FEATURE_MEMBER_IMPORT_VISIBILITY = YES;
				SWIFT_VERSION = 5.0;
				TARGETED_DEVICE_FAMILY = "1,2";
			};
			name = Debug;
		};
		76A71EAC2FBE041B00EAF74A /* Release */ = {
			isa = XCBuildConfiguration;
			buildSettings = {
				ASSETCATALOG_COMPILER_APPICON_NAME = AppIcon;
				ASSETCATALOG_COMPILER_GLOBAL_ACCENT_COLOR_NAME = AccentColor;
				CODE_SIGN_STYLE = Automatic;
				CURRENT_PROJECT_VERSION = 1;
				DEVELOPMENT_TEAM = QS5HDV4ZS9;
				ENABLE_PREVIEWS = YES;
				GENERATE_INFOPLIST_FILE = YES;
				INFOPLIST_KEY_UIApplicationSceneManifest_Generation = YES;
				INFOPLIST_KEY_UIApplicationSupportsIndirectInputEvents = YES;
				INFOPLIST_KEY_UILaunchScreen_Generation = YES;
				INFOPLIST_KEY_UISupportedInterfaceOrientations_iPad = "UIInterfaceOrientationPortrait UIInterfaceOrientationPortraitUpsideDown UIInterfaceOrientationLandscapeLeft UIInterfaceOrientationLandscapeRight";
				INFOPLIST_KEY_UISupportedInterfaceOrientations_iPhone = "UIInterfaceOrientationPortrait UIInterfaceOrientationLandscapeLeft UIInterfaceOrientationLandscapeRight";
				LD_RUNPATH_SEARCH_PATHS = (
					"$(inherited)",
					"@executable_path/Frameworks",
				);
				MARKETING_VERSION = 1.0;
				PRODUCT_BUNDLE_IDENTIFIER = "com.scytales.Etsi-1196x2App";
				PRODUCT_NAME = "$(TARGET_NAME)";
				STRING_CATALOG_GENERATE_SYMBOLS = YES;
				SWIFT_APPROACHABLE_CONCURRENCY = YES;
				SWIFT_DEFAULT_ACTOR_ISOLATION = MainActor;
				SWIFT_EMIT_LOC_STRINGS = YES;
				SWIFT_UPCOMING_FEATURE_MEMBER_IMPORT_VISIBILITY = YES;
				SWIFT_VERSION = 5.0;
				TARGETED_DEVICE_FAMILY = "1,2";
			};
			name = Release;
		};
		76A71EAE2FBE041B00EAF74A /* Debug */ = {
			isa = XCBuildConfiguration;
			buildSettings = {
				BUNDLE_LOADER = "$(TEST_HOST)";
				CODE_SIGN_STYLE = Automatic;
				CURRENT_PROJECT_VERSION = 1;
				DEVELOPMENT_TEAM = AZXQE7588Y;
				GENERATE_INFOPLIST_FILE = YES;
				IPHONEOS_DEPLOYMENT_TARGET = 26.2;
				MARKETING_VERSION = 1.0;
				PRODUCT_BUNDLE_IDENTIFIER = "com.softwave.Etsi-1196x2AppTests";
				PRODUCT_NAME = "$(TARGET_NAME)";
				STRING_CATALOG_GENERATE_SYMBOLS = NO;
				SWIFT_APPROACHABLE_CONCURRENCY = YES;
				SWIFT_EMIT_LOC_STRINGS = NO;
				SWIFT_UPCOMING_FEATURE_MEMBER_IMPORT_VISIBILITY = YES;
				SWIFT_VERSION = 5.0;
				TARGETED_DEVICE_FAMILY = "1,2";
				TEST_HOST = "$(BUILT_PRODUCTS_DIR)/Etsi-1196x2App.app/$(BUNDLE_EXECUTABLE_FOLDER_PATH)/Etsi-1196x2App";
			};
			name = Debug;
		};
		76A71EAF2FBE041B00EAF74A /* Release */ = {
			isa = XCBuildConfiguration;
			buildSettings = {
				BUNDLE_LOADER = "$(TEST_HOST)";
				CODE_SIGN_STYLE = Automatic;
				CURRENT_PROJECT_VERSION = 1;
				DEVELOPMENT_TEAM = AZXQE7588Y;
				GENERATE_INFOPLIST_FILE = YES;
				IPHONEOS_DEPLOYMENT_TARGET = 26.2;
				MARKETING_VERSION = 1.0;
				PRODUCT_BUNDLE_IDENTIFIER = "com.softwave.Etsi-1196x2AppTests";
				PRODUCT_NAME = "$(TARGET_NAME)";
				STRING_CATALOG_GENERATE_SYMBOLS = NO;
				SWIFT_APPROACHABLE_CONCURRENCY = YES;
				SWIFT_EMIT_LOC_STRINGS = NO;
				SWIFT_UPCOMING_FEATURE_MEMBER_IMPORT_VISIBILITY = YES;
				SWIFT_VERSION = 5.0;
				TARGETED_DEVICE_FAMILY = "1,2";
				TEST_HOST = "$(BUILT_PRODUCTS_DIR)/Etsi-1196x2App.app/$(BUNDLE_EXECUTABLE_FOLDER_PATH)/Etsi-1196x2App";
			};
			name = Release;
		};
		76A71EB12FBE041B00EAF74A /* Debug */ = {
			isa = XCBuildConfiguration;
			buildSettings = {
				CODE_SIGN_STYLE = Automatic;
				CURRENT_PROJECT_VERSION = 1;
				DEVELOPMENT_TEAM = AZXQE7588Y;
				GENERATE_INFOPLIST_FILE = YES;
				MARKETING_VERSION = 1.0;
				PRODUCT_BUNDLE_IDENTIFIER = "com.softwave.Etsi-1196x2AppUITests";
				PRODUCT_NAME = "$(TARGET_NAME)";
				STRING_CATALOG_GENERATE_SYMBOLS = NO;
				SWIFT_APPROACHABLE_CONCURRENCY = YES;
				SWIFT_EMIT_LOC_STRINGS = NO;
				SWIFT_UPCOMING_FEATURE_MEMBER_IMPORT_VISIBILITY = YES;
				SWIFT_VERSION = 5.0;
				TARGETED_DEVICE_FAMILY = "1,2";
				TEST_TARGET_NAME = "Etsi-1196x2App";
			};
			name = Debug;
		};
		76A71EB22FBE041B00EAF74A /* Release */ = {
			isa = XCBuildConfiguration;
			buildSettings = {
				CODE_SIGN_STYLE = Automatic;
				CURRENT_PROJECT_VERSION = 1;
				DEVELOPMENT_TEAM = AZXQE7588Y;
				GENERATE_INFOPLIST_FILE = YES;
				MARKETING_VERSION = 1.0;
				PRODUCT_BUNDLE_IDENTIFIER = "com.softwave.Etsi-1196x2AppUITests";
				PRODUCT_NAME = "$(TARGET_NAME)";
				STRING_CATALOG_GENERATE_SYMBOLS = NO;
				SWIFT_APPROACHABLE_CONCURRENCY = YES;
				SWIFT_EMIT_LOC_STRINGS = NO;
				SWIFT_UPCOMING_FEATURE_MEMBER_IMPORT_VISIBILITY = YES;
				SWIFT_VERSION = 5.0;
				TARGETED_DEVICE_FAMILY = "1,2";
				TEST_TARGET_NAME = "Etsi-1196x2App";
			};
			name = Release;
		};
/* End XCBuildConfiguration section */

/* Begin XCConfigurationList section */
		76A71E842FBE041700EAF74A /* Build configuration list for PBXProject "Etsi-1196x2App" */ = {
			isa = XCConfigurationList;
			buildConfigurations = (
				76A71EA82FBE041B00EAF74A /* Debug */,
				76A71EA92FBE041B00EAF74A /* Release */,
			);
			defaultConfigurationIsVisible = 0;
			defaultConfigurationName = Release;
		};
		76A71EAA2FBE041B00EAF74A /* Build configuration list for PBXNativeTarget "Etsi-1196x2App" */ = {
			isa = XCConfigurationList;
			buildConfigurations = (
				76A71EAB2FBE041B00EAF74A /* Debug */,
				76A71EAC2FBE041B00EAF74A /* Release */,
			);
			defaultConfigurationIsVisible = 0;
			defaultConfigurationName = Release;
		};
		76A71EAD2FBE041B00EAF74A /* Build configuration list for PBXNativeTarget "Etsi-1196x2AppTests" */ = {
			isa = XCConfigurationList;
			buildConfigurations = (
				76A71EAE2FBE041B00EAF74A /* Debug */,
				76A71EAF2FBE041B00EAF74A /* Release */,
			);
			defaultConfigurationIsVisible = 0;
			defaultConfigurationName = Release;
		};
		76A71EB02FBE041B00EAF74A /* Build configuration list for PBXNativeTarget "Etsi-1196x2AppUITests" */ = {
			isa = XCConfigurationList;
			buildConfigurations = (
				76A71EB12FBE041B00EAF74A /* Debug */,
				76A71EB22FBE041B00EAF74A /* Release */,
			);
			defaultConfigurationIsVisible = 0;
			defaultConfigurationName = Release;
		};
/* End XCConfigurationList section */

/* Begin XCRemoteSwiftPackageReference section */
		B0CECB912FF6A56D00F803EB /* XCRemoteSwiftPackageReference "eudi-lib-kmp-etsi-1196x2" */ = {
			isa = XCRemoteSwiftPackageReference;
			repositoryURL = "https://github.com/eu-digital-identity-wallet/eudi-lib-kmp-etsi-1196x2/";
			requirement = {
				kind = revision;
				revision = fe25f428471b88e975b6b07814162a2d14abbfe4;
			};
		};
/* End XCRemoteSwiftPackageReference section */

/* Begin XCSwiftPackageProductDependency section */
		B0CECB922FF6A56D00F803EB /* EudiEtsi1196x2 */ = {
			isa = XCSwiftPackageProductDependency;
			package = B0CECB912FF6A56D00F803EB /* XCRemoteSwiftPackageReference "eudi-lib-kmp-etsi-1196x2" */;
			productName = EudiEtsi1196x2;
		};
/* End XCSwiftPackageProductDependency section */
	};
	rootObject = 76A71E812FBE041700EAF74A /* Project object */;
}
