{
  "originHash" : "d48d73b28a804b1f38fab5e983a8202bfbd4b1364d3c927cfa86a76b6c88283e",
  "pins" : [
    {
      "identity" : "eudi-lib-kmp-etsi-1196x2",
      "kind" : "remoteSourceControl",
      "location" : "https://github.com/eu-digital-identity-wallet/eudi-lib-kmp-etsi-1196x2/",
      "state" : {
        "revision" : "fe25f428471b88e975b6b07814162a2d14abbfe4"
      }
    }
  ],
  "version" : 3
}
